
Microsoft Visual Studio Solution File, Format Version 12.00
# Visual Studio Version 16
VisualStudioVersion = 16.0.33027.164
MinimumVisualStudioVersion = 10.0.40219.1
Project("{FAE04EC0-301F-11D3-BF4B-00C04F79EFBC}") = "ejercicio_10_K", "ejercicio_10_K\ejercicio_10_K.csproj", "{EA245FAB-EF21-4C10-AE3D-CF425BD37C26}"
EndProject
Global
	GlobalSection(SolutionConfigurationPlatforms) = preSolution
		Debug|Any CPU = Debug|Any CPU
		Release|Any CPU = Release|Any CPU
	EndGlobalSection
	GlobalSection(ProjectConfigurationPlatforms) = postSolution
		{EA245FAB-EF21-4C10-AE3D-CF425BD37C26}.Debug|Any CPU.ActiveCfg = Debug|Any CPU
		{EA245FAB-EF21-4C10-AE3D-CF425BD37C26}.Debug|Any CPU.Build.0 = Debug|Any CPU
		{EA245FAB-EF21-4C10-AE3D-CF425BD37C26}.Release|Any CPU.ActiveCfg = Release|Any CPU
		{EA245FAB-EF21-4C10-AE3D-CF425BD37C26}.Release|Any CPU.Build.0 = Release|Any CPU
	EndGlobalSection
	GlobalSection(SolutionProperties) = preSolution
		HideSolutionNode = FALSE
	EndGlobalSection
	GlobalSection(ExtensibilityGlobals) = postSolution
		SolutionGuid = {7554BFE4-9204-4627-AA0C-6ABE901A42BE}
	EndGlobalSection
EndGlobal
